
Microsoft Visual Studio Solution File, Format Version 12.00
# Visual Studio 15
VisualStudioVersion = 15.0.27428.1
MinimumVisualStudioVersion = 10.0.40219.1
Project("{9092AA53-FB77-4645-B42D-1CCCA6BD08BD}") = "StackOverflowProject", "StackOverflowProject\StackOverflowProject.njsproj", "{FB592320-0679-432B-9C80-E93E28F712A4}"
EndProject
Global
	GlobalSection(SolutionConfigurationPlatforms) = preSolution
		Debug|Any CPU = Debug|Any CPU
		Release|Any CPU = Release|Any CPU
	EndGlobalSection
	GlobalSection(ProjectConfigurationPlatforms) = postSolution
		{FB592320-0679-432B-9C80-E93E28F712A4}.Debug|Any CPU.ActiveCfg = Debug|Any CPU
		{FB592320-0679-432B-9C80-E93E28F712A4}.Debug|Any CPU.Build.0 = Debug|Any CPU
		{FB592320-0679-432B-9C80-E93E28F712A4}.Release|Any CPU.ActiveCfg = Release|Any CPU
		{FB592320-0679-432B-9C80-E93E28F712A4}.Release|Any CPU.Build.0 = Release|Any CPU
	EndGlobalSection
	GlobalSection(SolutionProperties) = preSolution
		HideSolutionNode = FALSE
	EndGlobalSection
	GlobalSection(ExtensibilityGlobals) = postSolution
		SolutionGuid = {DC340E7A-28E1-4144-BB28-7205CBDE8AAC}
	EndGlobalSection
EndGlobal
